
Microsoft Visual Studio Solution File, Format Version 12.00
# Visual Studio Version 17
VisualStudioVersion = 17.4.33205.214
MinimumVisualStudioVersion = 10.0.40219.1
Project("{FAE04EC0-301F-11D3-BF4B-00C04F79EFBC}") = "VideoCapture", "VideoCapture\VideoCapture.csproj", "{27DA1F68-5E5F-4599-BBDD-7E2E8B8C9CC4}"
EndProject
Global
	GlobalSection(SolutionConfigurationPlatforms) = preSolution
		Debug|Any CPU = Debug|Any CPU
		Release|Any CPU = Release|Any CPU
	EndGlobalSection
	GlobalSection(ProjectConfigurationPlatforms) = postSolution
		{27DA1F68-5E5F-4599-BBDD-7E2E8B8C9CC4}.Debug|Any CPU.ActiveCfg = Debug|Any CPU
		{27DA1F68-5E5F-4599-BBDD-7E2E8B8C9CC4}.Debug|Any CPU.Build.0 = Debug|Any CPU
		{27DA1F68-5E5F-4599-BBDD-7E2E8B8C9CC4}.Release|Any CPU.ActiveCfg = Release|Any CPU
		{27DA1F68-5E5F-4599-BBDD-7E2E8B8C9CC4}.Release|Any CPU.Build.0 = Release|Any CPU
	EndGlobalSection
	GlobalSection(SolutionProperties) = preSolution
		HideSolutionNode = FALSE
	EndGlobalSection
	GlobalSection(ExtensibilityGlobals) = postSolution
		SolutionGuid = {3AEB527D-ABE1-4D80-9334-9CD1140F3313}
	EndGlobalSection
EndGlobal
